// !$*UTF8*$!
{
	archiveVersion = 1;
	classes = {
	};
	objectVersion = 46;
	objects = {

/* Begin PBXBuildFile section */
		2F63DBDD1F3B29A6004CF8B7 /* AppDelegate.swift in Sources */ = {isa = PBXBuildFile; fileRef = 2F63DBDC1F3B29A6004CF8B7 /* AppDelegate.swift */; };
		2F63DBE21F3B29A6004CF8B7 /* Main.storyboard in Resources */ = {isa = PBXBuildFile; fileRef = 2F63DBE01F3B29A6004CF8B7 /* Main.storyboard */; };
		2F63DBE41F3B29A6004CF8B7 /* Assets.xcassets in Resources */ = {isa = PBXBuildFile; fileRef = 2F63DBE31F3B29A6004CF8B7 /* Assets.xcassets */; };
		2F63DBE71F3B29A6004CF8B7 /* LaunchScreen.storyboard in Resources */ = {isa = PBXBuildFile; fileRef = 2F63DBE51F3B29A6004CF8B7 /* LaunchScreen.storyboard */; };
		2F63DBF21F3B29A6004CF8B7 /* TacoPopTests.swift in Sources */ = {isa = PBXBuildFile; fileRef = 2F63DBF11F3B29A6004CF8B7 /* TacoPopTests.swift */; };
		2F63DC031F3B2A17004CF8B7 /* MainVC.swift in Sources */ = {isa = PBXBuildFile; fileRef = 2F63DC021F3B2A17004CF8B7 /* MainVC.swift */; };
		2F63DC051F3B2ADD004CF8B7 /* TacoPOPData.csv in Resources */ = {isa = PBXBuildFile; fileRef = 2F63DC041F3B2ADD004CF8B7 /* TacoPOPData.csv */; };
		2F63DC071F3B2B7B004CF8B7 /* DropShadow.swift in Sources */ = {isa = PBXBuildFile; fileRef = 2F63DC061F3B2B7B004CF8B7 /* DropShadow.swift */; };
		2F63DC091F3B2C38004CF8B7 /* HeaderView.swift in Sources */ = {isa = PBXBuildFile; fileRef = 2F63DC081F3B2C38004CF8B7 /* HeaderView.swift */; };
		2F63DC0B1F3B2D3F004CF8B7 /* Taco.swift in Sources */ = {isa = PBXBuildFile; fileRef = 2F63DC0A1F3B2D3F004CF8B7 /* Taco.swift */; };
		2F63DC0D1F3B309B004CF8B7 /* DataService.swift in Sources */ = {isa = PBXBuildFile; fileRef = 2F63DC0C1F3B309B004CF8B7 /* DataService.swift */; };
		2F63DC101F3B341D004CF8B7 /* TacoCell.swift in Sources */ = {isa = PBXBuildFile; fileRef = 2F63DC0E1F3B341D004CF8B7 /* TacoCell.swift */; };
		2F63DC111F3B341D004CF8B7 /* TacoCell.xib in Resources */ = {isa = PBXBuildFile; fileRef = 2F63DC0F1F3B341D004CF8B7 /* TacoCell.xib */; };
		2F63DC131F3B398C004CF8B7 /* ResuableView.swift in Sources */ = {isa = PBXBuildFile; fileRef = 2F63DC121F3B398C004CF8B7 /* ResuableView.swift */; };
		2F63DC161F3B3A35004CF8B7 /* NibLoadableView.swift in Sources */ = {isa = PBXBuildFile; fileRef = 2F63DC151F3B3A35004CF8B7 /* NibLoadableView.swift */; };
		2F63DC181F3B3A9E004CF8B7 /* UICollectionView+Ext.swift in Sources */ = {isa = PBXBuildFile; fileRef = 2F63DC171F3B3A9E004CF8B7 /* UICollectionView+Ext.swift */; };
		2F63DC1A1F3B4200004CF8B7 /* MutableCollection+Ext.swift in Sources */ = {isa = PBXBuildFile; fileRef = 2F63DC191F3B4200004CF8B7 /* MutableCollection+Ext.swift */; };
		2F63DC1C1F3B435C004CF8B7 /* Shakeable.swift in Sources */ = {isa = PBXBuildFile; fileRef = 2F63DC1B1F3B435C004CF8B7 /* Shakeable.swift */; };
/* End PBXBuildFile section */

/* Begin PBXContainerItemProxy section */
		2F63DBEE1F3B29A6004CF8B7 /* PBXContainerItemProxy */ = {
			isa = PBXContainerItemProxy;
			containerPortal = 2F63DBD11F3B29A6004CF8B7 /* Project object */;
			proxyType = 1;
			remoteGlobalIDString = 2F63DBD81F3B29A6004CF8B7;
			remoteInfo = TacoPop;
		};
/* End PBXContainerItemProxy section */

/* Begin PBXFileReference section */
		2F63DBD91F3B29A6004CF8B7 /* TacoPop.app */ = {isa = PBXFileReference; explicitFileType = wrapper.application; includeInIndex = 0; path = TacoPop.app; sourceTree = BUILT_PRODUCTS_DIR; };
		2F63DBDC1F3B29A6004CF8B7 /* AppDelegate.swift */ = {isa = PBXFileReference; lastKnownFileType = sourcecode.swift; path = AppDelegate.swift; sourceTree = "<group>"; };
		2F63DBE11F3B29A6004CF8B7 /* Base */ = {isa = PBXFileReference; lastKnownFileType = file.storyboard; name = Base; path = Base.lproj/Main.storyboard; sourceTree = "<group>"; };
		2F63DBE31F3B29A6004CF8B7 /* Assets.xcassets */ = {isa = PBXFileReference; lastKnownFileType = folder.assetcatalog; path = Assets.xcassets; sourceTree = "<group>"; };
		2F63DBE61F3B29A6004CF8B7 /* Base */ = {isa = PBXFileReference; lastKnownFileType = file.storyboard; name = Base; path = Base.lproj/LaunchScreen.storyboard; sourceTree = "<group>"; };
		2F63DBE81F3B29A6004CF8B7 /* Info.plist */ = {isa = PBXFileReference; lastKnownFileType = text.plist.xml; path = Info.plist; sourceTree = "<group>"; };
		2F63DBED1F3B29A6004CF8B7 /* TacoPopTests.xctest */ = {isa = PBXFileReference; explicitFileType = wrapper.cfbundle; includeInIndex = 0; path = TacoPopTests.xctest; sourceTree = BUILT_PRODUCTS_DIR; };
		2F63DBF11F3B29A6004CF8B7 /* TacoPopTests.swift */ = {isa = PBXFileReference; lastKnownFileType = sourcecode.swift; path = TacoPopTests.swift; sourceTree = "<group>"; };
		2F63DBF31F3B29A6004CF8B7 /* Info.plist */ = {isa = PBXFileReference; lastKnownFileType = text.plist.xml; path = Info.plist; sourceTree = "<group>"; };
		2F63DC021F3B2A17004CF8B7 /* MainVC.swift */ = {isa = PBXFileReference; fileEncoding = 4; lastKnownFileType = sourcecode.swift; path = MainVC.swift; sourceTree = "<group>"; };
		2F63DC041F3B2ADD004CF8B7 /* TacoPOPData.csv */ = {isa = PBXFileReference; fileEncoding = 4; lastKnownFileType = text; path = TacoPOPData.csv; sourceTree = "<group>"; };
		2F63DC061F3B2B7B004CF8B7 /* DropShadow.swift */ = {isa = PBXFileReference; fileEncoding = 4; lastKnownFileType = sourcecode.swift; path = DropShadow.swift; sourceTree = "<group>"; };
		2F63DC081F3B2C38004CF8B7 /* HeaderView.swift */ = {isa = PBXFileReference; fileEncoding = 4; lastKnownFileType = sourcecode.swift; path = HeaderView.swift; sourceTree = "<group>"; };
		2F63DC0A1F3B2D3F004CF8B7 /* Taco.swift */ = {isa = PBXFileReference; fileEncoding = 4; lastKnownFileType = sourcecode.swift; path = Taco.swift; sourceTree = "<group>"; };
		2F63DC0C1F3B309B004CF8B7 /* DataService.swift */ = {isa = PBXFileReference; fileEncoding = 4; lastKnownFileType = sourcecode.swift; path = DataService.swift; sourceTree = "<group>"; };
		2F63DC0E1F3B341D004CF8B7 /* TacoCell.swift */ = {isa = PBXFileReference; fileEncoding = 4; lastKnownFileType = sourcecode.swift; path = TacoCell.swift; sourceTree = "<group>"; };
		2F63DC0F1F3B341D004CF8B7 /* TacoCell.xib */ = {isa = PBXFileReference; fileEncoding = 4; lastKnownFileType = file.xib; path = TacoCell.xib; sourceTree = "<group>"; };
		2F63DC121F3B398C004CF8B7 /* ResuableView.swift */ = {isa = PBXFileReference; fileEncoding = 4; lastKnownFileType = sourcecode.swift; path = ResuableView.swift; sourceTree = "<group>"; };
		2F63DC151F3B3A35004CF8B7 /* NibLoadableView.swift */ = {isa = PBXFileReference; fileEncoding = 4; lastKnownFileType = sourcecode.swift; path = NibLoadableView.swift; sourceTree = "<group>"; };
		2F63DC171F3B3A9E004CF8B7 /* UICollectionView+Ext.swift */ = {isa = PBXFileReference; fileEncoding = 4; lastKnownFileType = sourcecode.swift; path = "UICollectionView+Ext.swift"; sourceTree = "<group>"; };
		2F63DC191F3B4200004CF8B7 /* MutableCollection+Ext.swift */ = {isa = PBXFileReference; fileEncoding = 4; lastKnownFileType = sourcecode.swift; path = "MutableCollection+Ext.swift"; sourceTree = "<group>"; };
		2F63DC1B1F3B435C004CF8B7 /* Shakeable.swift */ = {isa = PBXFileReference; fileEncoding = 4; lastKnownFileType = sourcecode.swift; path = Shakeable.swift; sourceTree = "<group>"; };
/* End PBXFileReference section */

/* Begin PBXFrameworksBuildPhase section */
		2F63DBD61F3B29A6004CF8B7 /* Frameworks */ = {
			isa = PBXFrameworksBuildPhase;
			buildActionMask = 2147483647;
			files = (
			);
			runOnlyForDeploymentPostprocessing = 0;
		};
		2F63DBEA1F3B29A6004CF8B7 /* Frameworks */ = {
			isa = PBXFrameworksBuildPhase;
			buildActionMask = 2147483647;
			files = (
			);
			runOnlyForDeploymentPostprocessing = 0;
		};
/* End PBXFrameworksBuildPhase section */

/* Begin PBXGroup section */
		2F63DBD01F3B29A6004CF8B7 = {
			isa = PBXGroup;
			children = (
				2F63DBDB1F3B29A6004CF8B7 /* TacoPop */,
				2F63DBF01F3B29A6004CF8B7 /* TacoPopTests */,
				2F63DBDA1F3B29A6004CF8B7 /* Products */,
			);
			sourceTree = "<group>";
		};
		2F63DBDA1F3B29A6004CF8B7 /* Products */ = {
			isa = PBXGroup;
			children = (
				2F63DBD91F3B29A6004CF8B7 /* TacoPop.app */,
				2F63DBED1F3B29A6004CF8B7 /* TacoPopTests.xctest */,
			);
			name = Products;
			sourceTree = "<group>";
		};
		2F63DBDB1F3B29A6004CF8B7 /* TacoPop */ = {
			isa = PBXGroup;
			children = (
				2F63DC011F3B29DF004CF8B7 /* Extensions */,
				2F63DC001F3B29D7004CF8B7 /* Protocols */,
				2F63DBFE1F3B29C3004CF8B7 /* Model */,
				2F63DBFD1F3B29BE004CF8B7 /* View */,
				2F63DBFC1F3B29B6004CF8B7 /* Controller */,
				2F63DBFF1F3B29C9004CF8B7 /* Resources */,
			);
			path = TacoPop;
			sourceTree = "<group>";
		};
		2F63DBF01F3B29A6004CF8B7 /* TacoPopTests */ = {
			isa = PBXGroup;
			children = (
				2F63DBF11F3B29A6004CF8B7 /* TacoPopTests.swift */,
				2F63DBF31F3B29A6004CF8B7 /* Info.plist */,
			);
			path = TacoPopTests;
			sourceTree = "<group>";
		};
		2F63DBFC1F3B29B6004CF8B7 /* Controller */ = {
			isa = PBXGroup;
			children = (
				2F63DBDC1F3B29A6004CF8B7 /* AppDelegate.swift */,
				2F63DC021F3B2A17004CF8B7 /* MainVC.swift */,
			);
			name = Controller;
			sourceTree = "<group>";
		};
		2F63DBFD1F3B29BE004CF8B7 /* View */ = {
			isa = PBXGroup;
			children = (
				2F63DBE01F3B29A6004CF8B7 /* Main.storyboard */,
				2F63DBE51F3B29A6004CF8B7 /* LaunchScreen.storyboard */,
				2F63DC081F3B2C38004CF8B7 /* HeaderView.swift */,
				2F63DC0E1F3B341D004CF8B7 /* TacoCell.swift */,
				2F63DC0F1F3B341D004CF8B7 /* TacoCell.xib */,
			);
			name = View;
			sourceTree = "<group>";
		};
		2F63DBFE1F3B29C3004CF8B7 /* Model */ = {
			isa = PBXGroup;
			children = (
				2F63DC0A1F3B2D3F004CF8B7 /* Taco.swift */,
				2F63DC0C1F3B309B004CF8B7 /* DataService.swift */,
			);
			name = Model;
			sourceTree = "<group>";
		};
		2F63DBFF1F3B29C9004CF8B7 /* Resources */ = {
			isa = PBXGroup;
			children = (
				2F63DBE31F3B29A6004CF8B7 /* Assets.xcassets */,
				2F63DC041F3B2ADD004CF8B7 /* TacoPOPData.csv */,
				2F63DBE81F3B29A6004CF8B7 /* Info.plist */,
			);
			name = Resources;
			sourceTree = "<group>";
		};
		2F63DC001F3B29D7004CF8B7 /* Protocols */ = {
			isa = PBXGroup;
			children = (
				2F63DC061F3B2B7B004CF8B7 /* DropShadow.swift */,
				2F63DC121F3B398C004CF8B7 /* ResuableView.swift */,
				2F63DC151F3B3A35004CF8B7 /* NibLoadableView.swift */,
				2F63DC1B1F3B435C004CF8B7 /* Shakeable.swift */,
			);
			name = Protocols;
			sourceTree = "<group>";
		};
		2F63DC011F3B29DF004CF8B7 /* Extensions */ = {
			isa = PBXGroup;
			children = (
				2F63DC171F3B3A9E004CF8B7 /* UICollectionView+Ext.swift */,
				2F63DC191F3B4200004CF8B7 /* MutableCollection+Ext.swift */,
			);
			name = Extensions;
			sourceTree = "<group>";
		};
/* End PBXGroup section */

/* Begin PBXNativeTarget section */
		2F63DBD81F3B29A6004CF8B7 /* TacoPop */ = {
			isa = PBXNativeTarget;
			buildConfigurationList = 2F63DBF61F3B29A6004CF8B7 /* Build configuration list for PBXNativeTarget "TacoPop" */;
			buildPhases = (
				2F63DBD51F3B29A6004CF8B7 /* Sources */,
				2F63DBD61F3B29A6004CF8B7 /* Frameworks */,
				2F63DBD71F3B29A6004CF8B7 /* Resources */,
			);
			buildRules = (
			);
			dependencies = (
			);
			name = TacoPop;
			productName = TacoPop;
			productReference = 2F63DBD91F3B29A6004CF8B7 /* TacoPop.app */;
			productType = "com.apple.product-type.application";
		};
		2F63DBEC1F3B29A6004CF8B7 /* TacoPopTests */ = {
			isa = PBXNativeTarget;
			buildConfigurationList = 2F63DBF91F3B29A6004CF8B7 /* Build configuration list for PBXNativeTarget "TacoPopTests" */;
			buildPhases = (
				2F63DBE91F3B29A6004CF8B7 /* Sources */,
				2F63DBEA1F3B29A6004CF8B7 /* Frameworks */,
				2F63DBEB1F3B29A6004CF8B7 /* Resources */,
			);
			buildRules = (
			);
			dependencies = (
				2F63DBEF1F3B29A6004CF8B7 /* PBXTargetDependency */,
			);
			name = TacoPopTests;
			productName = TacoPopTests;
			productReference = 2F63DBED1F3B29A6004CF8B7 /* TacoPopTests.xctest */;
			productType = "com.apple.product-type.bundle.unit-test";
		};
/* End PBXNativeTarget section */

/* Begin PBXProject section */
		2F63DBD11F3B29A6004CF8B7 /* Project object */ = {
			isa = PBXProject;
			attributes = {
				LastSwiftUpdateCheck = 0830;
				LastUpgradeCheck = 0830;
				ORGANIZATIONNAME = "Michel Kansou";
				TargetAttributes = {
					2F63DBD81F3B29A6004CF8B7 = {
						CreatedOnToolsVersion = 8.3.3;
						ProvisioningStyle = Automatic;
					};
					2F63DBEC1F3B29A6004CF8B7 = {
						CreatedOnToolsVersion = 8.3.3;
						ProvisioningStyle = Automatic;
						TestTargetID = 2F63DBD81F3B29A6004CF8B7;
					};
				};
			};
			buildConfigurationList = 2F63DBD41F3B29A6004CF8B7 /* Build configuration list for PBXProject "TacoPop" */;
			compatibilityVersion = "Xcode 3.2";
			developmentRegion = English;
			hasScannedForEncodings = 0;
			knownRegions = (
				en,
				Base,
			);
			mainGroup = 2F63DBD01F3B29A6004CF8B7;
			productRefGroup = 2F63DBDA1F3B29A6004CF8B7 /* Products */;
			projectDirPath = "";
			projectRoot = "";
			targets = (
				2F63DBD81F3B29A6004CF8B7 /* TacoPop */,
				2F63DBEC1F3B29A6004CF8B7 /* TacoPopTests */,
			);
		};
/* End PBXProject section */

/* Begin PBXResourcesBuildPhase section */
		2F63DBD71F3B29A6004CF8B7 /* Resources */ = {
			isa = PBXResourcesBuildPhase;
			buildActionMask = 2147483647;
			files = (
				2F63DBE71F3B29A6004CF8B7 /* LaunchScreen.storyboard in Resources */,
				2F63DC051F3B2ADD004CF8B7 /* TacoPOPData.csv in Resources */,
				2F63DBE41F3B29A6004CF8B7 /* Assets.xcassets in Resources */,
				2F63DBE21F3B29A6004CF8B7 /* Main.storyboard in Resources */,
				2F63DC111F3B341D004CF8B7 /* TacoCell.xib in Resources */,
			);
			runOnlyForDeploymentPostprocessing = 0;
		};
		2F63DBEB1F3B29A6004CF8B7 /* Resources */ = {
			isa = PBXResourcesBuildPhase;
			buildActionMask = 2147483647;
			files = (
			);
			runOnlyForDeploymentPostprocessing = 0;
		};
/* End PBXResourcesBuildPhase section */

/* Begin PBXSourcesBuildPhase section */
		2F63DBD51F3B29A6004CF8B7 /* Sources */ = {
			isa = PBXSourcesBuildPhase;
			buildActionMask = 2147483647;
			files = (
				2F63DC101F3B341D004CF8B7 /* TacoCell.swift in Sources */,
				2F63DC1A1F3B4200004CF8B7 /* MutableCollection+Ext.swift in Sources */,
				2F63DBDD1F3B29A6004CF8B7 /* AppDelegate.swift in Sources */,
				2F63DC071F3B2B7B004CF8B7 /* DropShadow.swift in Sources */,
				2F63DC161F3B3A35004CF8B7 /* NibLoadableView.swift in Sources */,
				2F63DC181F3B3A9E004CF8B7 /* UICollectionView+Ext.swift in Sources */,
				2F63DC131F3B398C004CF8B7 /* ResuableView.swift in Sources */,
				2F63DC031F3B2A17004CF8B7 /* MainVC.swift in Sources */,
				2F63DC0D1F3B309B004CF8B7 /* DataService.swift in Sources */,
				2F63DC0B1F3B2D3F004CF8B7 /* Taco.swift in Sources */,
				2F63DC1C1F3B435C004CF8B7 /* Shakeable.swift in Sources */,
				2F63DC091F3B2C38004CF8B7 /* HeaderView.swift in Sources */,
			);
			runOnlyForDeploymentPostprocessing = 0;
		};
		2F63DBE91F3B29A6004CF8B7 /* Sources */ = {
			isa = PBXSourcesBuildPhase;
			buildActionMask = 2147483647;
			files = (
				2F63DBF21F3B29A6004CF8B7 /* TacoPopTests.swift in Sources */,
			);
			runOnlyForDeploymentPostprocessing = 0;
		};
/* End PBXSourcesBuildPhase section */

/* Begin PBXTargetDependency section */
		2F63DBEF1F3B29A6004CF8B7 /* PBXTargetDependency */ = {
			isa = PBXTargetDependency;
			target = 2F63DBD81F3B29A6004CF8B7 /* TacoPop */;
			targetProxy = 2F63DBEE1F3B29A6004CF8B7 /* PBXContainerItemProxy */;
		};
/* End PBXTargetDependency section */

/* Begin PBXVariantGroup section */
		2F63DBE01F3B29A6004CF8B7 /* Main.storyboard */ = {
			isa = PBXVariantGroup;
			children = (
				2F63DBE11F3B29A6004CF8B7 /* Base */,
			);
			name = Main.storyboard;
			sourceTree = "<group>";
		};
		2F63DBE51F3B29A6004CF8B7 /* LaunchScreen.storyboard */ = {
			isa = PBXVariantGroup;
			children = (
				2F63DBE61F3B29A6004CF8B7 /* Base */,
			);
			name = LaunchScreen.storyboard;
			sourceTree = "<group>";
		};
/* End PBXVariantGroup section */

/* Begin XCBuildConfiguration section */
		2F63DBF41F3B29A6004CF8B7 /* Debug */ = {
			isa = XCBuildConfiguration;
			buildSettings = {
				ALWAYS_SEARCH_USER_PATHS = NO;
				CLANG_ANALYZER_NONNULL = YES;
				CLANG_ANALYZER_NUMBER_OBJECT_CONVERSION = YES_AGGRESSIVE;
				CLANG_CXX_LANGUAGE_STANDARD = "gnu++0x";
				CLANG_CXX_LIBRARY = "libc++";
				CLANG_ENABLE_MODULES = YES;
				CLANG_ENABLE_OBJC_ARC = YES;
				CLANG_WARN_BOOL_CONVERSION = YES;
				CLANG_WARN_CONSTANT_CONVERSION = YES;
				CLANG_WARN_DIRECT_OBJC_ISA_USAGE = YES_ERROR;
				CLANG_WARN_DOCUMENTATION_COMMENTS = YES;
				CLANG_WARN_EMPTY_BODY = YES;
				CLANG_WARN_ENUM_CONVERSION = YES;
				CLANG_WARN_INFINITE_RECURSION = YES;
				CLANG_WARN_INT_CONVERSION = YES;
				CLANG_WARN_OBJC_ROOT_CLASS = YES_ERROR;
				CLANG_WARN_SUSPICIOUS_MOVE = YES;
				CLANG_WARN_UNREACHABLE_CODE = YES;
				CLANG_WARN__DUPLICATE_METHOD_MATCH = YES;
				"CODE_SIGN_IDENTITY[sdk=iphoneos*]" = "iPhone Developer";
				COPY_PHASE_STRIP = NO;
				DEBUG_INFORMATION_FORMAT = dwarf;
				ENABLE_STRICT_OBJC_MSGSEND = YES;
				ENABLE_TESTABILITY = YES;
				GCC_C_LANGUAGE_STANDARD = gnu99;
				GCC_DYNAMIC_NO_PIC = NO;
				GCC_NO_COMMON_BLOCKS = YES;
				GCC_OPTIMIZATION_LEVEL = 0;
				GCC_PREPROCESSOR_DEFINITIONS = (
					"DEBUG=1",
					"$(inherited)",
				);
				GCC_WARN_64_TO_32_BIT_CONVERSION = YES;
				GCC_WARN_ABOUT_RETURN_TYPE = YES_ERROR;
				GCC_WARN_UNDECLARED_SELECTOR = YES;
				GCC_WARN_UNINITIALIZED_AUTOS = YES_AGGRESSIVE;
				GCC_WARN_UNUSED_FUNCTION = YES;
				GCC_WARN_UNUSED_VARIABLE = YES;
				IPHONEOS_DEPLOYMENT_TARGET = 10.3;
				MTL_ENABLE_DEBUG_INFO = YES;
				ONLY_ACTIVE_ARCH = YES;
				SDKROOT = iphoneos;
				SWIFT_ACTIVE_COMPILATION_CONDITIONS = DEBUG;
				SWIFT_OPTIMIZATION_LEVEL = "-Onone";
			};
			name = Debug;
		};
		2F63DBF51F3B29A6004CF8B7 /* Release */ = {
			isa = XCBuildConfiguration;
			buildSettings = {
				ALWAYS_SEARCH_USER_PATHS = NO;
				CLANG_ANALYZER_NONNULL = YES;
				CLANG_ANALYZER_NUMBER_OBJECT_CONVERSION = YES_AGGRESSIVE;
				CLANG_CXX_LANGUAGE_STANDARD = "gnu++0x";
				CLANG_CXX_LIBRARY = "libc++";
				CLANG_ENABLE_MODULES = YES;
				CLANG_ENABLE_OBJC_ARC = YES;
				CLANG_WARN_BOOL_CONVERSION = YES;
				CLANG_WARN_CONSTANT_CONVERSION = YES;
				CLANG_WARN_DIRECT_OBJC_ISA_USAGE = YES_ERROR;
				CLANG_WARN_DOCUMENTATION_COMMENTS = YES;
				CLANG_WARN_EMPTY_BODY = YES;
				CLANG_WARN_ENUM_CONVERSION = YES;
				CLANG_WARN_INFINITE_RECURSION = YES;
				CLANG_WARN_INT_CONVERSION = YES;
				CLANG_WARN_OBJC_ROOT_CLASS = YES_ERROR;
				CLANG_WARN_SUSPICIOUS_MOVE = YES;
				CLANG_WARN_UNREACHABLE_CODE = YES;
				CLANG_WARN__DUPLICATE_METHOD_MATCH = YES;
				"CODE_SIGN_IDENTITY[sdk=iphoneos*]" = "iPhone Developer";
				COPY_PHASE_STRIP = NO;
				DEBUG_INFORMATION_FORMAT = "dwarf-with-dsym";
				ENABLE_NS_ASSERTIONS = NO;
				ENABLE_STRICT_OBJC_MSGSEND = YES;
				GCC_C_LANGUAGE_STANDARD = gnu99;
				GCC_NO_COMMON_BLOCKS = YES;
				GCC_WARN_64_TO_32_BIT_CONVERSION = YES;
				GCC_WARN_ABOUT_RETURN_TYPE = YES_ERROR;
				GCC_WARN_UNDECLARED_SELECTOR = YES;
				GCC_WARN_UNINITIALIZED_AUTOS = YES_AGGRESSIVE;
				GCC_WARN_UNUSED_FUNCTION = YES;
				GCC_WARN_UNUSED_VARIABLE = YES;
				IPHONEOS_DEPLOYMENT_TARGET = 10.3;
				MTL_ENABLE_DEBUG_INFO = NO;
				SDKROOT = iphoneos;
				SWIFT_OPTIMIZATION_LEVEL = "-Owholemodule";
				VALIDATE_PRODUCT = YES;
			};
			name = Release;
		};
		2F63DBF71F3B29A6004CF8B7 /* Debug */ = {
			isa = XCBuildConfiguration;
			buildSettings = {
				ASSETCATALOG_COMPILER_APPICON_NAME = AppIcon;
				INFOPLIST_FILE = TacoPop/Info.plist;
				LD_RUNPATH_SEARCH_PATHS = "$(inherited) @executable_path/Frameworks";
				PRODUCT_BUNDLE_IDENTIFIER = com.E13.TacoPop;
				PRODUCT_NAME = "$(TARGET_NAME)";
				SWIFT_VERSION = 3.0;
			};
			name = Debug;
		};
		2F63DBF81F3B29A6004CF8B7 /* Release */ = {
			isa = XCBuildConfiguration;
			buildSettings = {
				ASSETCATALOG_COMPILER_APPICON_NAME = AppIcon;
				INFOPLIST_FILE = TacoPop/Info.plist;
				LD_RUNPATH_SEARCH_PATHS = "$(inherited) @executable_path/Frameworks";
				PRODUCT_BUNDLE_IDENTIFIER = com.E13.TacoPop;
				PRODUCT_NAME = "$(TARGET_NAME)";
				SWIFT_VERSION = 3.0;
			};
			name = Release;
		};
		2F63DBFA1F3B29A6004CF8B7 /* Debug */ = {
			isa = XCBuildConfiguration;
			buildSettings = {
				ALWAYS_EMBED_SWIFT_STANDARD_LIBRARIES = YES;
				BUNDLE_LOADER = "$(TEST_HOST)";
				INFOPLIST_FILE = TacoPopTests/Info.plist;
				LD_RUNPATH_SEARCH_PATHS = "$(inherited) @executable_path/Frameworks @loader_path/Frameworks";
				PRODUCT_BUNDLE_IDENTIFIER = com.E13.TacoPopTests;
				PRODUCT_NAME = "$(TARGET_NAME)";
				SWIFT_VERSION = 3.0;
				TEST_HOST = "$(BUILT_PRODUCTS_DIR)/TacoPop.app/TacoPop";
			};
			name = Debug;
		};
		2F63DBFB1F3B29A6004CF8B7 /* Release */ = {
			isa = XCBuildConfiguration;
			buildSettings = {
				ALWAYS_EMBED_SWIFT_STANDARD_LIBRARIES = YES;
				BUNDLE_LOADER = "$(TEST_HOST)";
				INFOPLIST_FILE = TacoPopTests/Info.plist;
				LD_RUNPATH_SEARCH_PATHS = "$(inherited) @executable_path/Frameworks @loader_path/Frameworks";
				PRODUCT_BUNDLE_IDENTIFIER = com.E13.TacoPopTests;
				PRODUCT_NAME = "$(TARGET_NAME)";
				SWIFT_VERSION = 3.0;
				TEST_HOST = "$(BUILT_PRODUCTS_DIR)/TacoPop.app/TacoPop";
			};
			name = Release;
		};
/* End XCBuildConfiguration section */

/* Begin XCConfigurationList section */
		2F63DBD41F3B29A6004CF8B7 /* Build configuration list for PBXProject "TacoPop" */ = {
			isa = XCConfigurationList;
			buildConfigurations = (
				2F63DBF41F3B29A6004CF8B7 /* Debug */,
				2F63DBF51F3B29A6004CF8B7 /* Release */,
			);
			defaultConfigurationIsVisible = 0;
			defaultConfigurationName = Release;
		};
		2F63DBF61F3B29A6004CF8B7 /* Build configuration list for PBXNativeTarget "TacoPop" */ = {
			isa = XCConfigurationList;
			buildConfigurations = (
				2F63DBF71F3B29A6004CF8B7 /* Debug */,
				2F63DBF81F3B29A6004CF8B7 /* Release */,
			);
			defaultConfigurationIsVisible = 0;
		};
		2F63DBF91F3B29A6004CF8B7 /* Build configuration list for PBXNativeTarget "TacoPopTests" */ = {
			isa = XCConfigurationList;
			buildConfigurations = (
				2F63DBFA1F3B29A6004CF8B7 /* Debug */,
				2F63DBFB1F3B29A6004CF8B7 /* Release */,
			);
			defaultConfigurationIsVisible = 0;
		};
/* End XCConfigurationList section */
	};
	rootObject = 2F63DBD11F3B29A6004CF8B7 /* Project object */;
}
